// !$*UTF8*$!
{
	archiveVersion = 1;
	classes = {
	};
	objectVersion = 51;
	objects = {

/* Begin PBXBuildFile section */
		2CB9EEB945B847F1DD622057 /* Pods_QFMultipleScrollViewUITests.framework in Frameworks */ = {isa = PBXBuildFile; fileRef = 067CF9860FB7153C1588965B /* Pods_QFMultipleScrollViewUITests.framework */; };
		4CF93E9F5BEBE36D867F1933 /* Pods_QFMultipleScrollView.framework in Frameworks */ = {isa = PBXBuildFile; fileRef = 305A61113FE02F41E833F764 /* Pods_QFMultipleScrollView.framework */; };
		81192CAE231A126C00644133 /* AppDelegate.swift in Sources */ = {isa = PBXBuildFile; fileRef = 81192CAD231A126C00644133 /* AppDelegate.swift */; };
		81192CB0231A126C00644133 /* ViewController.swift in Sources */ = {isa = PBXBuildFile; fileRef = 81192CAF231A126C00644133 /* ViewController.swift */; };
		81192CB3231A126C00644133 /* Main.storyboard in Resources */ = {isa = PBXBuildFile; fileRef = 81192CB1231A126C00644133 /* Main.storyboard */; };
		81192CB5231A126E00644133 /* Assets.xcassets in Resources */ = {isa = PBXBuildFile; fileRef = 81192CB4231A126E00644133 /* Assets.xcassets */; };
		81192CB8231A126E00644133 /* LaunchScreen.storyboard in Resources */ = {isa = PBXBuildFile; fileRef = 81192CB6231A126E00644133 /* LaunchScreen.storyboard */; };
		81192CC3231A126E00644133 /* QFMultipleScrollViewTests.swift in Sources */ = {isa = PBXBuildFile; fileRef = 81192CC2231A126E00644133 /* QFMultipleScrollViewTests.swift */; };
		81192CCE231A126E00644133 /* QFMultipleScrollViewUITests.swift in Sources */ = {isa = PBXBuildFile; fileRef = 81192CCD231A126E00644133 /* QFMultipleScrollViewUITests.swift */; };
		81192CDE231A206A00644133 /* QFSecondViewController.swift in Sources */ = {isa = PBXBuildFile; fileRef = 81192CDD231A206A00644133 /* QFSecondViewController.swift */; };
		81192CE0231A207D00644133 /* QFFirstViewController.swift in Sources */ = {isa = PBXBuildFile; fileRef = 81192CDF231A207D00644133 /* QFFirstViewController.swift */; };
		81192CE2231A219C00644133 /* QFPageTitleView.swift in Sources */ = {isa = PBXBuildFile; fileRef = 81192CE1231A219C00644133 /* QFPageTitleView.swift */; };
		81A49DB4233E2E48002963A2 /* QFMultiResponseScrollView.swift in Sources */ = {isa = PBXBuildFile; fileRef = 81A49DB3233E2E48002963A2 /* QFMultiResponseScrollView.swift */; };
		96B762FAB884B8F18BEF8084 /* Pods_QFMultipleScrollViewTests.framework in Frameworks */ = {isa = PBXBuildFile; fileRef = FE59DF5B975BC2F8D4D195B5 /* Pods_QFMultipleScrollViewTests.framework */; };
/* End PBXBuildFile section */

/* Begin PBXContainerItemProxy section */
		81192CBF231A126E00644133 /* PBXContainerItemProxy */ = {
			isa = PBXContainerItemProxy;
			containerPortal = 81192CA2231A126C00644133 /* Project object */;
			proxyType = 1;
			remoteGlobalIDString = 81192CA9231A126C00644133;
			remoteInfo = QFMultipleScrollView;
		};
		81192CCA231A126E00644133 /* PBXContainerItemProxy */ = {
			isa = PBXContainerItemProxy;
			containerPortal = 81192CA2231A126C00644133 /* Project object */;
			proxyType = 1;
			remoteGlobalIDString = 81192CA9231A126C00644133;
			remoteInfo = QFMultipleScrollView;
		};
/* End PBXContainerItemProxy section */

/* Begin PBXFileReference section */
		067CF9860FB7153C1588965B /* Pods_QFMultipleScrollViewUITests.framework */ = {isa = PBXFileReference; explicitFileType = wrapper.framework; includeInIndex = 0; path = Pods_QFMultipleScrollViewUITests.framework; sourceTree = BUILT_PRODUCTS_DIR; };
		305A61113FE02F41E833F764 /* Pods_QFMultipleScrollView.framework */ = {isa = PBXFileReference; explicitFileType = wrapper.framework; includeInIndex = 0; path = Pods_QFMultipleScrollView.framework; sourceTree = BUILT_PRODUCTS_DIR; };
		396DAB0473CA791437176C4B /* Pods-QFMultipleScrollViewUITests.release.xcconfig */ = {isa = PBXFileReference; includeInIndex = 1; lastKnownFileType = text.xcconfig; name = "Pods-QFMultipleScrollViewUITests.release.xcconfig"; path = "Target Support Files/Pods-QFMultipleScrollViewUITests/Pods-QFMultipleScrollViewUITests.release.xcconfig"; sourceTree = "<group>"; };
		5EC088D475EAB64D34214009 /* Pods-QFMultipleScrollView.debug.xcconfig */ = {isa = PBXFileReference; includeInIndex = 1; lastKnownFileType = text.xcconfig; name = "Pods-QFMultipleScrollView.debug.xcconfig"; path = "Target Support Files/Pods-QFMultipleScrollView/Pods-QFMultipleScrollView.debug.xcconfig"; sourceTree = "<group>"; };
		63D2E3C8A70DFEAA8E0F6E0D /* Pods-QFMultipleScrollViewTests.release.xcconfig */ = {isa = PBXFileReference; includeInIndex = 1; lastKnownFileType = text.xcconfig; name = "Pods-QFMultipleScrollViewTests.release.xcconfig"; path = "Target Support Files/Pods-QFMultipleScrollViewTests/Pods-QFMultipleScrollViewTests.release.xcconfig"; sourceTree = "<group>"; };
		808D478BC272A1F8F0BC613C /* Pods-QFMultipleScrollView.release.xcconfig */ = {isa = PBXFileReference; includeInIndex = 1; lastKnownFileType = text.xcconfig; name = "Pods-QFMultipleScrollView.release.xcconfig"; path = "Target Support Files/Pods-QFMultipleScrollView/Pods-QFMultipleScrollView.release.xcconfig"; sourceTree = "<group>"; };
		81192CAA231A126C00644133 /* QFMultipleScrollView.app */ = {isa = PBXFileReference; explicitFileType = wrapper.application; includeInIndex = 0; path = QFMultipleScrollView.app; sourceTree = BUILT_PRODUCTS_DIR; };
		81192CAD231A126C00644133 /* AppDelegate.swift */ = {isa = PBXFileReference; lastKnownFileType = sourcecode.swift; path = AppDelegate.swift; sourceTree = "<group>"; };
		81192CAF231A126C00644133 /* ViewController.swift */ = {isa = PBXFileReference; lastKnownFileType = sourcecode.swift; path = ViewController.swift; sourceTree = "<group>"; };
		81192CB2231A126C00644133 /* Base */ = {isa = PBXFileReference; lastKnownFileType = file.storyboard; name = Base; path = Base.lproj/Main.storyboard; sourceTree = "<group>"; };
		81192CB4231A126E00644133 /* Assets.xcassets */ = {isa = PBXFileReference; lastKnownFileType = folder.assetcatalog; path = Assets.xcassets; sourceTree = "<group>"; };
		81192CB7231A126E00644133 /* Base */ = {isa = PBXFileReference; lastKnownFileType = file.storyboard; name = Base; path = Base.lproj/LaunchScreen.storyboard; sourceTree = "<group>"; };
		81192CB9231A126E00644133 /* Info.plist */ = {isa = PBXFileReference; lastKnownFileType = text.plist.xml; path = Info.plist; sourceTree = "<group>"; };
		81192CBE231A126E00644133 /* QFMultipleScrollViewTests.xctest */ = {isa = PBXFileReference; explicitFileType = wrapper.cfbundle; includeInIndex = 0; path = QFMultipleScrollViewTests.xctest; sourceTree = BUILT_PRODUCTS_DIR; };
		81192CC2231A126E00644133 /* QFMultipleScrollViewTests.swift */ = {isa = PBXFileReference; lastKnownFileType = sourcecode.swift; path = QFMultipleScrollViewTests.swift; sourceTree = "<group>"; };
		81192CC4231A126E00644133 /* Info.plist */ = {isa = PBXFileReference; lastKnownFileType = text.plist.xml; path = Info.plist; sourceTree = "<group>"; };
		81192CC9231A126E00644133 /* QFMultipleScrollViewUITests.xctest */ = {isa = PBXFileReference; explicitFileType = wrapper.cfbundle; includeInIndex = 0; path = QFMultipleScrollViewUITests.xctest; sourceTree = BUILT_PRODUCTS_DIR; };
		81192CCD231A126E00644133 /* QFMultipleScrollViewUITests.swift */ = {isa = PBXFileReference; lastKnownFileType = sourcecode.swift; path = QFMultipleScrollViewUITests.swift; sourceTree = "<group>"; };
		81192CCF231A126E00644133 /* Info.plist */ = {isa = PBXFileReference; lastKnownFileType = text.plist.xml; path = Info.plist; sourceTree = "<group>"; };
		81192CDD231A206A00644133 /* QFSecondViewController.swift */ = {isa = PBXFileReference; lastKnownFileType = sourcecode.swift; path = QFSecondViewController.swift; sourceTree = "<group>"; };
		81192CDF231A207D00644133 /* QFFirstViewController.swift */ = {isa = PBXFileReference; lastKnownFileType = sourcecode.swift; path = QFFirstViewController.swift; sourceTree = "<group>"; };
		81192CE1231A219C00644133 /* QFPageTitleView.swift */ = {isa = PBXFileReference; lastKnownFileType = sourcecode.swift; path = QFPageTitleView.swift; sourceTree = "<group>"; };
		81A49DB3233E2E48002963A2 /* QFMultiResponseScrollView.swift */ = {isa = PBXFileReference; lastKnownFileType = sourcecode.swift; path = QFMultiResponseScrollView.swift; sourceTree = "<group>"; };
		B9C5CA415B9A77ECA0E4B6D6 /* Pods-QFMultipleScrollViewUITests.debug.xcconfig */ = {isa = PBXFileReference; includeInIndex = 1; lastKnownFileType = text.xcconfig; name = "Pods-QFMultipleScrollViewUITests.debug.xcconfig"; path = "Target Support Files/Pods-QFMultipleScrollViewUITests/Pods-QFMultipleScrollViewUITests.debug.xcconfig"; sourceTree = "<group>"; };
		ECDFD878BB7DB22268897500 /* Pods-QFMultipleScrollViewTests.debug.xcconfig */ = {isa = PBXFileReference; includeInIndex = 1; lastKnownFileType = text.xcconfig; name = "Pods-QFMultipleScrollViewTests.debug.xcconfig"; path = "Target Support Files/Pods-QFMultipleScrollViewTests/Pods-QFMultipleScrollViewTests.debug.xcconfig"; sourceTree = "<group>"; };
		FE59DF5B975BC2F8D4D195B5 /* Pods_QFMultipleScrollViewTests.framework */ = {isa = PBXFileReference; explicitFileType = wrapper.framework; includeInIndex = 0; path = Pods_QFMultipleScrollViewTests.framework; sourceTree = BUILT_PRODUCTS_DIR; };
/* End PBXFileReference section */

/* Begin PBXFrameworksBuildPhase section */
		81192CA7231A126C00644133 /* Frameworks */ = {
			isa = PBXFrameworksBuildPhase;
			buildActionMask = 2147483647;
			files = (
				4CF93E9F5BEBE36D867F1933 /* Pods_QFMultipleScrollView.framework in Frameworks */,
			);
			runOnlyForDeploymentPostprocessing = 0;
		};
		81192CBB231A126E00644133 /* Frameworks */ = {
			isa = PBXFrameworksBuildPhase;
			buildActionMask = 2147483647;
			files = (
				96B762FAB884B8F18BEF8084 /* Pods_QFMultipleScrollViewTests.framework in Frameworks */,
			);
			runOnlyForDeploymentPostprocessing = 0;
		};
		81192CC6231A126E00644133 /* Frameworks */ = {
			isa = PBXFrameworksBuildPhase;
			buildActionMask = 2147483647;
			files = (
				2CB9EEB945B847F1DD622057 /* Pods_QFMultipleScrollViewUITests.framework in Frameworks */,
			);
			runOnlyForDeploymentPostprocessing = 0;
		};
/* End PBXFrameworksBuildPhase section */

/* Begin PBXGroup section */
		64BF9415285FE52774719AB1 /* Frameworks */ = {
			isa = PBXGroup;
			children = (
				305A61113FE02F41E833F764 /* Pods_QFMultipleScrollView.framework */,
				FE59DF5B975BC2F8D4D195B5 /* Pods_QFMultipleScrollViewTests.framework */,
				067CF9860FB7153C1588965B /* Pods_QFMultipleScrollViewUITests.framework */,
			);
			name = Frameworks;
			sourceTree = "<group>";
		};
		81192CA1231A126C00644133 = {
			isa = PBXGroup;
			children = (
				81192CAC231A126C00644133 /* QFMultipleScrollView */,
				81192CC1231A126E00644133 /* QFMultipleScrollViewTests */,
				81192CCC231A126E00644133 /* QFMultipleScrollViewUITests */,
				81192CAB231A126C00644133 /* Products */,
				96C00847D999C791F90E3266 /* Pods */,
				64BF9415285FE52774719AB1 /* Frameworks */,
			);
			sourceTree = "<group>";
		};
		81192CAB231A126C00644133 /* Products */ = {
			isa = PBXGroup;
			children = (
				81192CAA231A126C00644133 /* QFMultipleScrollView.app */,
				81192CBE231A126E00644133 /* QFMultipleScrollViewTests.xctest */,
				81192CC9231A126E00644133 /* QFMultipleScrollViewUITests.xctest */,
			);
			name = Products;
			sourceTree = "<group>";
		};
		81192CAC231A126C00644133 /* QFMultipleScrollView */ = {
			isa = PBXGroup;
			children = (
				81192CAD231A126C00644133 /* AppDelegate.swift */,
				81192CAF231A126C00644133 /* ViewController.swift */,
				81192CE1231A219C00644133 /* QFPageTitleView.swift */,
				81192CDF231A207D00644133 /* QFFirstViewController.swift */,
				81192CDD231A206A00644133 /* QFSecondViewController.swift */,
				81192CB1231A126C00644133 /* Main.storyboard */,
				81192CB4231A126E00644133 /* Assets.xcassets */,
				81192CB6231A126E00644133 /* LaunchScreen.storyboard */,
				81192CB9231A126E00644133 /* Info.plist */,
				81A49DB3233E2E48002963A2 /* QFMultiResponseScrollView.swift */,
			);
			path = QFMultipleScrollView;
			sourceTree = "<group>";
		};
		81192CC1231A126E00644133 /* QFMultipleScrollViewTests */ = {
			isa = PBXGroup;
			children = (
				81192CC2231A126E00644133 /* QFMultipleScrollViewTests.swift */,
				81192CC4231A126E00644133 /* Info.plist */,
			);
			path = QFMultipleScrollViewTests;
			sourceTree = "<group>";
		};
		81192CCC231A126E00644133 /* QFMultipleScrollViewUITests */ = {
			isa = PBXGroup;
			children = (
				81192CCD231A126E00644133 /* QFMultipleScrollViewUITests.swift */,
				81192CCF231A126E00644133 /* Info.plist */,
			);
			path = QFMultipleScrollViewUITests;
			sourceTree = "<group>";
		};
		96C00847D999C791F90E3266 /* Pods */ = {
			isa = PBXGroup;
			children = (
				5EC088D475EAB64D34214009 /* Pods-QFMultipleScrollView.debug.xcconfig */,
				808D478BC272A1F8F0BC613C /* Pods-QFMultipleScrollView.release.xcconfig */,
				ECDFD878BB7DB22268897500 /* Pods-QFMultipleScrollViewTests.debug.xcconfig */,
				63D2E3C8A70DFEAA8E0F6E0D /* Pods-QFMultipleScrollViewTests.release.xcconfig */,
				B9C5CA415B9A77ECA0E4B6D6 /* Pods-QFMultipleScrollViewUITests.debug.xcconfig */,
				396DAB0473CA791437176C4B /* Pods-QFMultipleScrollViewUITests.release.xcconfig */,
			);
			path = Pods;
			sourceTree = "<group>";
		};
/* End PBXGroup section */

/* Begin PBXNativeTarget section */
		81192CA9231A126C00644133 /* QFMultipleScrollView */ = {
			isa = PBXNativeTarget;
			buildConfigurationList = 81192CD2231A126E00644133 /* Build configuration list for PBXNativeTarget "QFMultipleScrollView" */;
			buildPhases = (
				20BCC76DFA95F37E7F6D65AC /* [CP] Check Pods Manifest.lock */,
				81192CA6231A126C00644133 /* Sources */,
				81192CA7231A126C00644133 /* Frameworks */,
				81192CA8231A126C00644133 /* Resources */,
				AF566A21C177CA30E7245F85 /* [CP] Embed Pods Frameworks */,
			);
			buildRules = (
			);
			dependencies = (
			);
			name = QFMultipleScrollView;
			productName = QFMultipleScrollView;
			productReference = 81192CAA231A126C00644133 /* QFMultipleScrollView.app */;
			productType = "com.apple.product-type.application";
		};
		81192CBD231A126E00644133 /* QFMultipleScrollViewTests */ = {
			isa = PBXNativeTarget;
			buildConfigurationList = 81192CD5231A126E00644133 /* Build configuration list for PBXNativeTarget "QFMultipleScrollViewTests" */;
			buildPhases = (
				F396D2782226FCA213E2B8FC /* [CP] Check Pods Manifest.lock */,
				81192CBA231A126E00644133 /* Sources */,
				81192CBB231A126E00644133 /* Frameworks */,
				81192CBC231A126E00644133 /* Resources */,
			);
			buildRules = (
			);
			dependencies = (
				81192CC0231A126E00644133 /* PBXTargetDependency */,
			);
			name = QFMultipleScrollViewTests;
			productName = QFMultipleScrollViewTests;
			productReference = 81192CBE231A126E00644133 /* QFMultipleScrollViewTests.xctest */;
			productType = "com.apple.product-type.bundle.unit-test";
		};
		81192CC8231A126E00644133 /* QFMultipleScrollViewUITests */ = {
			isa = PBXNativeTarget;
			buildConfigurationList = 81192CD8231A126E00644133 /* Build configuration list for PBXNativeTarget "QFMultipleScrollViewUITests" */;
			buildPhases = (
				6B69AB936425B0181AD58874 /* [CP] Check Pods Manifest.lock */,
				81192CC5231A126E00644133 /* Sources */,
				81192CC6231A126E00644133 /* Frameworks */,
				81192CC7231A126E00644133 /* Resources */,
			);
			buildRules = (
			);
			dependencies = (
				81192CCB231A126E00644133 /* PBXTargetDependency */,
			);
			name = QFMultipleScrollViewUITests;
			productName = QFMultipleScrollViewUITests;
			productReference = 81192CC9231A126E00644133 /* QFMultipleScrollViewUITests.xctest */;
			productType = "com.apple.product-type.bundle.ui-testing";
		};
/* End PBXNativeTarget section */

/* Begin PBXProject section */
		81192CA2231A126C00644133 /* Project object */ = {
			isa = PBXProject;
			attributes = {
				LastSwiftUpdateCheck = 1010;
				LastUpgradeCheck = 1010;
				ORGANIZATIONNAME = ios;
				TargetAttributes = {
					81192CA9231A126C00644133 = {
						CreatedOnToolsVersion = 10.1;
					};
					81192CBD231A126E00644133 = {
						CreatedOnToolsVersion = 10.1;
						TestTargetID = 81192CA9231A126C00644133;
					};
					81192CC8231A126E00644133 = {
						CreatedOnToolsVersion = 10.1;
						TestTargetID = 81192CA9231A126C00644133;
					};
				};
			};
			buildConfigurationList = 81192CA5231A126C00644133 /* Build configuration list for PBXProject "QFMultipleScrollView" */;
			compatibilityVersion = "Xcode 9.3";
			developmentRegion = en;
			hasScannedForEncodings = 0;
			knownRegions = (
				en,
				Base,
			);
			mainGroup = 81192CA1231A126C00644133;
			productRefGroup = 81192CAB231A126C00644133 /* Products */;
			projectDirPath = "";
			projectRoot = "";
			targets = (
				81192CA9231A126C00644133 /* QFMultipleScrollView */,
				81192CBD231A126E00644133 /* QFMultipleScrollViewTests */,
				81192CC8231A126E00644133 /* QFMultipleScrollViewUITests */,
			);
		};
/* End PBXProject section */

/* Begin PBXResourcesBuildPhase section */
		81192CA8231A126C00644133 /* Resources */ = {
			isa = PBXResourcesBuildPhase;
			buildActionMask = 2147483647;
			files = (
				81192CB8231A126E00644133 /* LaunchScreen.storyboard in Resources */,
				81192CB5231A126E00644133 /* Assets.xcassets in Resources */,
				81192CB3231A126C00644133 /* Main.storyboard in Resources */,
			);
			runOnlyForDeploymentPostprocessing = 0;
		};
		81192CBC231A126E00644133 /* Resources */ = {
			isa = PBXResourcesBuildPhase;
			buildActionMask = 2147483647;
			files = (
			);
			runOnlyForDeploymentPostprocessing = 0;
		};
		81192CC7231A126E00644133 /* Resources */ = {
			isa = PBXResourcesBuildPhase;
			buildActionMask = 2147483647;
			files = (
			);
			runOnlyForDeploymentPostprocessing = 0;
		};
/* End PBXResourcesBuildPhase section */

/* Begin PBXShellScriptBuildPhase section */
		20BCC76DFA95F37E7F6D65AC /* [CP] Check Pods Manifest.lock */ = {
			isa = PBXShellScriptBuildPhase;
			buildActionMask = 2147483647;
			files = (
			);
			inputFileListPaths = (
			);
			inputPaths = (
				"${PODS_PODFILE_DIR_PATH}/Podfile.lock",
				"${PODS_ROOT}/Manifest.lock",
			);
			name = "[CP] Check Pods Manifest.lock";
			outputFileListPaths = (
			);
			outputPaths = (
				"$(DERIVED_FILE_DIR)/Pods-QFMultipleScrollView-checkManifestLockResult.txt",
			);
			runOnlyForDeploymentPostprocessing = 0;
			shellPath = /bin/sh;
			shellScript = "diff \"${PODS_PODFILE_DIR_PATH}/Podfile.lock\" \"${PODS_ROOT}/Manifest.lock\" > /dev/null\nif [ $? != 0 ] ; then\n    # print error to STDERR\n    echo \"error: The sandbox is not in sync with the Podfile.lock. Run 'pod install' or update your CocoaPods installation.\" >&2\n    exit 1\nfi\n# This output is used by Xcode 'outputs' to avoid re-running this script phase.\necho \"SUCCESS\" > \"${SCRIPT_OUTPUT_FILE_0}\"\n";
			showEnvVarsInLog = 0;
		};
		6B69AB936425B0181AD58874 /* [CP] Check Pods Manifest.lock */ = {
			isa = PBXShellScriptBuildPhase;
			buildActionMask = 2147483647;
			files = (
			);
			inputFileListPaths = (
			);
			inputPaths = (
				"${PODS_PODFILE_DIR_PATH}/Podfile.lock",
				"${PODS_ROOT}/Manifest.lock",
			);
			name = "[CP] Check Pods Manifest.lock";
			outputFileListPaths = (
			);
			outputPaths = (
				"$(DERIVED_FILE_DIR)/Pods-QFMultipleScrollViewUITests-checkManifestLockResult.txt",
			);
			runOnlyForDeploymentPostprocessing = 0;
			shellPath = /bin/sh;
			shellScript = "diff \"${PODS_PODFILE_DIR_PATH}/Podfile.lock\" \"${PODS_ROOT}/Manifest.lock\" > /dev/null\nif [ $? != 0 ] ; then\n    # print error to STDERR\n    echo \"error: The sandbox is not in sync with the Podfile.lock. Run 'pod install' or update your CocoaPods installation.\" >&2\n    exit 1\nfi\n# This output is used by Xcode 'outputs' to avoid re-running this script phase.\necho \"SUCCESS\" > \"${SCRIPT_OUTPUT_FILE_0}\"\n";
			showEnvVarsInLog = 0;
		};
		AF566A21C177CA30E7245F85 /* [CP] Embed Pods Frameworks */ = {
			isa = PBXShellScriptBuildPhase;
			buildActionMask = 2147483647;
			files = (
			);
			inputFileListPaths = (
				"${PODS_ROOT}/Target Support Files/Pods-QFMultipleScrollView/Pods-QFMultipleScrollView-frameworks-${CONFIGURATION}-input-files.xcfilelist",
			);
			name = "[CP] Embed Pods Frameworks";
			outputFileListPaths = (
				"${PODS_ROOT}/Target Support Files/Pods-QFMultipleScrollView/Pods-QFMultipleScrollView-frameworks-${CONFIGURATION}-output-files.xcfilelist",
			);
			runOnlyForDeploymentPostprocessing = 0;
			shellPath = /bin/sh;
			shellScript = "\"${PODS_ROOT}/Target Support Files/Pods-QFMultipleScrollView/Pods-QFMultipleScrollView-frameworks.sh\"\n";
			showEnvVarsInLog = 0;
		};
		F396D2782226FCA213E2B8FC /* [CP] Check Pods Manifest.lock */ = {
			isa = PBXShellScriptBuildPhase;
			buildActionMask = 2147483647;
			files = (
			);
			inputFileListPaths = (
			);
			inputPaths = (
				"${PODS_PODFILE_DIR_PATH}/Podfile.lock",
				"${PODS_ROOT}/Manifest.lock",
			);
			name = "[CP] Check Pods Manifest.lock";
			outputFileListPaths = (
			);
			outputPaths = (
				"$(DERIVED_FILE_DIR)/Pods-QFMultipleScrollViewTests-checkManifestLockResult.txt",
			);
			runOnlyForDeploymentPostprocessing = 0;
			shellPath = /bin/sh;
			shellScript = "diff \"${PODS_PODFILE_DIR_PATH}/Podfile.lock\" \"${PODS_ROOT}/Manifest.lock\" > /dev/null\nif [ $? != 0 ] ; then\n    # print error to STDERR\n    echo \"error: The sandbox is not in sync with the Podfile.lock. Run 'pod install' or update your CocoaPods installation.\" >&2\n    exit 1\nfi\n# This output is used by Xcode 'outputs' to avoid re-running this script phase.\necho \"SUCCESS\" > \"${SCRIPT_OUTPUT_FILE_0}\"\n";
			showEnvVarsInLog = 0;
		};
/* End PBXShellScriptBuildPhase section */

/* Begin PBXSourcesBuildPhase section */
		81192CA6231A126C00644133 /* Sources */ = {
			isa = PBXSourcesBuildPhase;
			buildActionMask = 2147483647;
			files = (
				81192CE0231A207D00644133 /* QFFirstViewController.swift in Sources */,
				81192CDE231A206A00644133 /* QFSecondViewController.swift in Sources */,
				81192CE2231A219C00644133 /* QFPageTitleView.swift in Sources */,
				81192CB0231A126C00644133 /* ViewController.swift in Sources */,
				81192CAE231A126C00644133 /* AppDelegate.swift in Sources */,
				81A49DB4233E2E48002963A2 /* QFMultiResponseScrollView.swift in Sources */,
			);
			runOnlyForDeploymentPostprocessing = 0;
		};
		81192CBA231A126E00644133 /* Sources */ = {
			isa = PBXSourcesBuildPhase;
			buildActionMask = 2147483647;
			files = (
				81192CC3231A126E00644133 /* QFMultipleScrollViewTests.swift in Sources */,
			);
			runOnlyForDeploymentPostprocessing = 0;
		};
		81192CC5231A126E00644133 /* Sources */ = {
			isa = PBXSourcesBuildPhase;
			buildActionMask = 2147483647;
			files = (
				81192CCE231A126E00644133 /* QFMultipleScrollViewUITests.swift in Sources */,
			);
			runOnlyForDeploymentPostprocessing = 0;
		};
/* End PBXSourcesBuildPhase section */

/* Begin PBXTargetDependency section */
		81192CC0231A126E00644133 /* PBXTargetDependency */ = {
			isa = PBXTargetDependency;
			target = 81192CA9231A126C00644133 /* QFMultipleScrollView */;
			targetProxy = 81192CBF231A126E00644133 /* PBXContainerItemProxy */;
		};
		81192CCB231A126E00644133 /* PBXTargetDependency */ = {
			isa = PBXTargetDependency;
			target = 81192CA9231A126C00644133 /* QFMultipleScrollView */;
			targetProxy = 81192CCA231A126E00644133 /* PBXContainerItemProxy */;
		};
/* End PBXTargetDependency section */

/* Begin PBXVariantGroup section */
		81192CB1231A126C00644133 /* Main.storyboard */ = {
			isa = PBXVariantGroup;
			children = (
				81192CB2231A126C00644133 /* Base */,
			);
			name = Main.storyboard;
			sourceTree = "<group>";
		};
		81192CB6231A126E00644133 /* LaunchScreen.storyboard */ = {
			isa = PBXVariantGroup;
			children = (
				81192CB7231A126E00644133 /* Base */,
			);
			name = LaunchScreen.storyboard;
			sourceTree = "<group>";
		};
/* End PBXVariantGroup section */

/* Begin XCBuildConfiguration section */
		81192CD0231A126E00644133 /* Debug */ = {
			isa = XCBuildConfiguration;
			buildSettings = {
				ALWAYS_SEARCH_USER_PATHS = NO;
				CLANG_ANALYZER_NONNULL = YES;
				CLANG_ANALYZER_NUMBER_OBJECT_CONVERSION = YES_AGGRESSIVE;
				CLANG_CXX_LANGUAGE_STANDARD = "gnu++14";
				CLANG_CXX_LIBRARY = "libc++";
				CLANG_ENABLE_MODULES = YES;
				CLANG_ENABLE_OBJC_ARC = YES;
				CLANG_ENABLE_OBJC_WEAK = YES;
				CLANG_WARN_BLOCK_CAPTURE_AUTORELEASING = YES;
				CLANG_WARN_BOOL_CONVERSION = YES;
				CLANG_WARN_COMMA = YES;
				CLANG_WARN_CONSTANT_CONVERSION = YES;
				CLANG_WARN_DEPRECATED_OBJC_IMPLEMENTATIONS = YES;
				CLANG_WARN_DIRECT_OBJC_ISA_USAGE = YES_ERROR;
				CLANG_WARN_DOCUMENTATION_COMMENTS = YES;
				CLANG_WARN_EMPTY_BODY = YES;
				CLANG_WARN_ENUM_CONVERSION = YES;
				CLANG_WARN_INFINITE_RECURSION = YES;
				CLANG_WARN_INT_CONVERSION = YES;
				CLANG_WARN_NON_LITERAL_NULL_CONVERSION = YES;
				CLANG_WARN_OBJC_IMPLICIT_RETAIN_SELF = YES;
				CLANG_WARN_OBJC_LITERAL_CONVERSION = YES;
				CLANG_WARN_OBJC_ROOT_CLASS = YES_ERROR;
				CLANG_WARN_RANGE_LOOP_ANALYSIS = YES;
				CLANG_WARN_STRICT_PROTOTYPES = YES;
				CLANG_WARN_SUSPICIOUS_MOVE = YES;
				CLANG_WARN_UNGUARDED_AVAILABILITY = YES_AGGRESSIVE;
				CLANG_WARN_UNREACHABLE_CODE = YES;
				CLANG_WARN__DUPLICATE_METHOD_MATCH = YES;
				CODE_SIGN_IDENTITY = "iPhone Developer";
				COPY_PHASE_STRIP = NO;
				DEBUG_INFORMATION_FORMAT = dwarf;
				ENABLE_STRICT_OBJC_MSGSEND = YES;
				ENABLE_TESTABILITY = YES;
				GCC_C_LANGUAGE_STANDARD = gnu11;
				GCC_DYNAMIC_NO_PIC = NO;
				GCC_NO_COMMON_BLOCKS = YES;
				GCC_OPTIMIZATION_LEVEL = 0;
				GCC_PREPROCESSOR_DEFINITIONS = (
					"DEBUG=1",
					"$(inherited)",
				);
				GCC_WARN_64_TO_32_BIT_CONVERSION = YES;
				GCC_WARN_ABOUT_RETURN_TYPE = YES_ERROR;
				GCC_WARN_UNDECLARED_SELECTOR = YES;
				GCC_WARN_UNINITIALIZED_AUTOS = YES_AGGRESSIVE;
				GCC_WARN_UNUSED_FUNCTION = YES;
				GCC_WARN_UNUSED_VARIABLE = YES;
				IPHONEOS_DEPLOYMENT_TARGET = 12.1;
				MTL_ENABLE_DEBUG_INFO = INCLUDE_SOURCE;
				MTL_FAST_MATH = YES;
				ONLY_ACTIVE_ARCH = YES;
				SDKROOT = iphoneos;
				SWIFT_ACTIVE_COMPILATION_CONDITIONS = DEBUG;
				SWIFT_OPTIMIZATION_LEVEL = "-Onone";
			};
			name = Debug;
		};
		81192CD1231A126E00644133 /* Release */ = {
			isa = XCBuildConfiguration;
			buildSettings = {
				ALWAYS_SEARCH_USER_PATHS = NO;
				CLANG_ANALYZER_NONNULL = YES;
				CLANG_ANALYZER_NUMBER_OBJECT_CONVERSION = YES_AGGRESSIVE;
				CLANG_CXX_LANGUAGE_STANDARD = "gnu++14";
				CLANG_CXX_LIBRARY = "libc++";
				CLANG_ENABLE_MODULES = YES;
				CLANG_ENABLE_OBJC_ARC = YES;
				CLANG_ENABLE_OBJC_WEAK = YES;
				CLANG_WARN_BLOCK_CAPTURE_AUTORELEASING = YES;
				CLANG_WARN_BOOL_CONVERSION = YES;
				CLANG_WARN_COMMA = YES;
				CLANG_WARN_CONSTANT_CONVERSION = YES;
				CLANG_WARN_DEPRECATED_OBJC_IMPLEMENTATIONS = YES;
				CLANG_WARN_DIRECT_OBJC_ISA_USAGE = YES_ERROR;
				CLANG_WARN_DOCUMENTATION_COMMENTS = YES;
				CLANG_WARN_EMPTY_BODY = YES;
				CLANG_WARN_ENUM_CONVERSION = YES;
				CLANG_WARN_INFINITE_RECURSION = YES;
				CLANG_WARN_INT_CONVERSION = YES;
				CLANG_WARN_NON_LITERAL_NULL_CONVERSION = YES;
				CLANG_WARN_OBJC_IMPLICIT_RETAIN_SELF = YES;
				CLANG_WARN_OBJC_LITERAL_CONVERSION = YES;
				CLANG_WARN_OBJC_ROOT_CLASS = YES_ERROR;
				CLANG_WARN_RANGE_LOOP_ANALYSIS = YES;
				CLANG_WARN_STRICT_PROTOTYPES = YES;
				CLANG_WARN_SUSPICIOUS_MOVE = YES;
				CLANG_WARN_UNGUARDED_AVAILABILITY = YES_AGGRESSIVE;
				CLANG_WARN_UNREACHABLE_CODE = YES;
				CLANG_WARN__DUPLICATE_METHOD_MATCH = YES;
				CODE_SIGN_IDENTITY = "iPhone Developer";
				COPY_PHASE_STRIP = NO;
				DEBUG_INFORMATION_FORMAT = "dwarf-with-dsym";
				ENABLE_NS_ASSERTIONS = NO;
				ENABLE_STRICT_OBJC_MSGSEND = YES;
				GCC_C_LANGUAGE_STANDARD = gnu11;
				GCC_NO_COMMON_BLOCKS = YES;
				GCC_WARN_64_TO_32_BIT_CONVERSION = YES;
				GCC_WARN_ABOUT_RETURN_TYPE = YES_ERROR;
				GCC_WARN_UNDECLARED_SELECTOR = YES;
				GCC_WARN_UNINITIALIZED_AUTOS = YES_AGGRESSIVE;
				GCC_WARN_UNUSED_FUNCTION = YES;
				GCC_WARN_UNUSED_VARIABLE = YES;
				IPHONEOS_DEPLOYMENT_TARGET = 12.1;
				MTL_ENABLE_DEBUG_INFO = NO;
				MTL_FAST_MATH = YES;
				SDKROOT = iphoneos;
				SWIFT_COMPILATION_MODE = wholemodule;
				SWIFT_OPTIMIZATION_LEVEL = "-O";
				VALIDATE_PRODUCT = YES;
			};
			name = Release;
		};
		81192CD3231A126E00644133 /* Debug */ = {
			isa = XCBuildConfiguration;
			baseConfigurationReference = 5EC088D475EAB64D34214009 /* Pods-QFMultipleScrollView.debug.xcconfig */;
			buildSettings = {
				ASSETCATALOG_COMPILER_APPICON_NAME = AppIcon;
				CODE_SIGN_STYLE = Automatic;
				DEVELOPMENT_TEAM = 729BYBTS3K;
				INFOPLIST_FILE = QFMultipleScrollView/Info.plist;
				IPHONEOS_DEPLOYMENT_TARGET = 9.0;
				LD_RUNPATH_SEARCH_PATHS = (
					"$(inherited)",
					"@executable_path/Frameworks",
				);
				PRODUCT_BUNDLE_IDENTIFIER = com.github.qingfeng.QFMultipleScrollView;
				PRODUCT_NAME = "$(TARGET_NAME)";
				SWIFT_VERSION = 4.2;
				TARGETED_DEVICE_FAMILY = "1,2";
			};
			name = Debug;
		};
		81192CD4231A126E00644133 /* Release */ = {
			isa = XCBuildConfiguration;
			baseConfigurationReference = 808D478BC272A1F8F0BC613C /* Pods-QFMultipleScrollView.release.xcconfig */;
			buildSettings = {
				ASSETCATALOG_COMPILER_APPICON_NAME = AppIcon;
				CODE_SIGN_STYLE = Automatic;
				DEVELOPMENT_TEAM = 729BYBTS3K;
				INFOPLIST_FILE = QFMultipleScrollView/Info.plist;
				IPHONEOS_DEPLOYMENT_TARGET = 9.0;
				LD_RUNPATH_SEARCH_PATHS = (
					"$(inherited)",
					"@executable_path/Frameworks",
				);
				PRODUCT_BUNDLE_IDENTIFIER = com.github.qingfeng.QFMultipleScrollView;
				PRODUCT_NAME = "$(TARGET_NAME)";
				SWIFT_VERSION = 4.2;
				TARGETED_DEVICE_FAMILY = "1,2";
			};
			name = Release;
		};
		81192CD6231A126E00644133 /* Debug */ = {
			isa = XCBuildConfiguration;
			baseConfigurationReference = ECDFD878BB7DB22268897500 /* Pods-QFMultipleScrollViewTests.debug.xcconfig */;
			buildSettings = {
				ALWAYS_EMBED_SWIFT_STANDARD_LIBRARIES = YES;
				BUNDLE_LOADER = "$(TEST_HOST)";
				CODE_SIGN_STYLE = Automatic;
				INFOPLIST_FILE = QFMultipleScrollViewTests/Info.plist;
				LD_RUNPATH_SEARCH_PATHS = (
					"$(inherited)",
					"@executable_path/Frameworks",
					"@loader_path/Frameworks",
				);
				PRODUCT_BUNDLE_IDENTIFIER = com.github.qingfeng.QFMultipleScrollViewTests;
				PRODUCT_NAME = "$(TARGET_NAME)";
				SWIFT_VERSION = 4.2;
				TARGETED_DEVICE_FAMILY = "1,2";
				TEST_HOST = "$(BUILT_PRODUCTS_DIR)/QFMultipleScrollView.app/QFMultipleScrollView";
			};
			name = Debug;
		};
		81192CD7231A126E00644133 /* Release */ = {
			isa = XCBuildConfiguration;
			baseConfigurationReference = 63D2E3C8A70DFEAA8E0F6E0D /* Pods-QFMultipleScrollViewTests.release.xcconfig */;
			buildSettings = {
				ALWAYS_EMBED_SWIFT_STANDARD_LIBRARIES = YES;
				BUNDLE_LOADER = "$(TEST_HOST)";
				CODE_SIGN_STYLE = Automatic;
				INFOPLIST_FILE = QFMultipleScrollViewTests/Info.plist;
				LD_RUNPATH_SEARCH_PATHS = (
					"$(inherited)",
					"@executable_path/Frameworks",
					"@loader_path/Frameworks",
				);
				PRODUCT_BUNDLE_IDENTIFIER = com.github.qingfeng.QFMultipleScrollViewTests;
				PRODUCT_NAME = "$(TARGET_NAME)";
				SWIFT_VERSION = 4.2;
				TARGETED_DEVICE_FAMILY = "1,2";
				TEST_HOST = "$(BUILT_PRODUCTS_DIR)/QFMultipleScrollView.app/QFMultipleScrollView";
			};
			name = Release;
		};
		81192CD9231A126E00644133 /* Debug */ = {
			isa = XCBuildConfiguration;
			baseConfigurationReference = B9C5CA415B9A77ECA0E4B6D6 /* Pods-QFMultipleScrollViewUITests.debug.xcconfig */;
			buildSettings = {
				ALWAYS_EMBED_SWIFT_STANDARD_LIBRARIES = YES;
				CODE_SIGN_STYLE = Automatic;
				INFOPLIST_FILE = QFMultipleScrollViewUITests/Info.plist;
				LD_RUNPATH_SEARCH_PATHS = (
					"$(inherited)",
					"@executable_path/Frameworks",
					"@loader_path/Frameworks",
				);
				PRODUCT_BUNDLE_IDENTIFIER = com.github.qingfeng.QFMultipleScrollViewUITests;
				PRODUCT_NAME = "$(TARGET_NAME)";
				SWIFT_VERSION = 4.2;
				TARGETED_DEVICE_FAMILY = "1,2";
				TEST_TARGET_NAME = QFMultipleScrollView;
			};
			name = Debug;
		};
		81192CDA231A126E00644133 /* Release */ = {
			isa = XCBuildConfiguration;
			baseConfigurationReference = 396DAB0473CA791437176C4B /* Pods-QFMultipleScrollViewUITests.release.xcconfig */;
			buildSettings = {
				ALWAYS_EMBED_SWIFT_STANDARD_LIBRARIES = YES;
				CODE_SIGN_STYLE = Automatic;
				INFOPLIST_FILE = QFMultipleScrollViewUITests/Info.plist;
				LD_RUNPATH_SEARCH_PATHS = (
					"$(inherited)",
					"@executable_path/Frameworks",
					"@loader_path/Frameworks",
				);
				PRODUCT_BUNDLE_IDENTIFIER = com.github.qingfeng.QFMultipleScrollViewUITests;
				PRODUCT_NAME = "$(TARGET_NAME)";
				SWIFT_VERSION = 4.2;
				TARGETED_DEVICE_FAMILY = "1,2";
				TEST_TARGET_NAME = QFMultipleScrollView;
			};
			name = Release;
		};
/* End XCBuildConfiguration section */

/* Begin XCConfigurationList section */
		81192CA5231A126C00644133 /* Build configuration list for PBXProject "QFMultipleScrollView" */ = {
			isa = XCConfigurationList;
			buildConfigurations = (
				81192CD0231A126E00644133 /* Debug */,
				81192CD1231A126E00644133 /* Release */,
			);
			defaultConfigurationIsVisible = 0;
			defaultConfigurationName = Release;
		};
		81192CD2231A126E00644133 /* Build configuration list for PBXNativeTarget "QFMultipleScrollView" */ = {
			isa = XCConfigurationList;
			buildConfigurations = (
				81192CD3231A126E00644133 /* Debug */,
				81192CD4231A126E00644133 /* Release */,
			);
			defaultConfigurationIsVisible = 0;
			defaultConfigurationName = Release;
		};
		81192CD5231A126E00644133 /* Build configuration list for PBXNativeTarget "QFMultipleScrollViewTests" */ = {
			isa = XCConfigurationList;
			buildConfigurations = (
				81192CD6231A126E00644133 /* Debug */,
				81192CD7231A126E00644133 /* Release */,
			);
			defaultConfigurationIsVisible = 0;
			defaultConfigurationName = Release;
		};
		81192CD8231A126E00644133 /* Build configuration list for PBXNativeTarget "QFMultipleScrollViewUITests" */ = {
			isa = XCConfigurationList;
			buildConfigurations = (
				81192CD9231A126E00644133 /* Debug */,
				81192CDA231A126E00644133 /* Release */,
			);
			defaultConfigurationIsVisible = 0;
			defaultConfigurationName = Release;
		};
/* End XCConfigurationList section */
	};
	rootObject = 81192CA2231A126C00644133 /* Project object */;
}
